github.com/gethugothemes/hugo-modules/accordion v0.0.0-20250302032254-95e856a2b3fc h1:vAOclCT7wUZdtS6VeM5ISybhTJJrc7W43oI2ctUX2f4=
github.com/gethugothemes/hugo-modules/accordion v0.0.0-20250302032254-95e856a2b3fc/go.mod h1:D4DpauKPDcUHI9CVKYmJeO6bkSJIhUN864TyXZ2o0VI=
github.com/gethugothemes/hugo-modules/adsense v0.0.0-20250302032254-95e856a2b3fc h1:H9EjJgBB7vfddDUSANcEnW4VfgTb0ORIInK73BhojeY=
github.com/gethugothemes/hugo-modules/adsense v0.0.0-20250302032254-95e856a2b3fc/go.mod h1:8p/gG/cyyu20z4q5cFN/JGE5TOFA55Xsp+aIP9KCsqo=
github.com/gethugothemes/hugo-modules/components/announcement v0.0.0-20250302032254-95e856a2b3fc h1:W0jbXsYLe4gKY7kdjYOu/daDVqvUmtc6St6EN/IbjQQ=
github.com/gethugothemes/hugo-modules/components/announcement v0.0.0-20250302032254-95e856a2b3fc/go.mod h1:BO6vbFLvEgb45epi/QtUkQmTyqsWSwxIqTpwDvqJFHk=
github.com/gethugothemes/hugo-modules/components/cookie-consent v0.0.0-20250302032254-95e856a2b3fc h1:gZ4AbDxWo+olS3OBa3OLMRdnO2J4B+LJKl5tojsuTig=
github.com/gethugothemes/hugo-modules/components/cookie-consent v0.0.0-20250302032254-95e856a2b3fc/go.mod h1:511ERLpGe3ZTfV2z/NAtUSR5NqKF26h9z5lU/zYV4YQ=
github.com/gethugothemes/hugo-modules/components/custom-script v0.0.0-20250302032254-95e856a2b3fc h1:miKm83NCK3oZwZW7dNnNhQfugIADEV0XVxN1BZmCIKQ=
github.com/gethugothemes/hugo-modules/components/custom-script v0.0.0-20250302032254-95e856a2b3fc/go.mod h1:RuDHq4WnK8sNEzAIJr4BZQ7oXhzcct/EKaAxc2Xvi9E=
github.com/gethugothemes/hugo-modules/components/preloader v0.0.0-20250302032254-95e856a2b3fc h1:HRdtX+5qjmMFuNosqOts2lj24WJ3P1BWZGKr0I1EVys=
github.com/gethugothemes/hugo-modules/components/preloader v0.0.0-20250302032254-95e856a2b3fc/go.mod h1:FP0iQ3tMOesuWFZhLst2KEvUEYPb5Jk1GW+QBP9lrwg=
github.com/gethugothemes/hugo-modules/components/render-link v0.0.0-20250302032254-95e856a2b3fc h1:+xEDZX3d39OmdKvytnppwd1DmL8jiqvo63mVSk0G2AA=
github.com/gethugothemes/hugo-modules/components/render-link v0.0.0-20250302032254-95e856a2b3fc/go.mod h1:z3YcIeEBUonAoRDY1/Jv1ojNVkZ5ud35a0Nn8L4Inx0=
github.com/gethugothemes/hugo-modules/components/social-share v0.0.0-20250302032254-95e856a2b3fc h1:sbM62+ihF5kSlNjDVwCkJ4fvNbcjapwFUlHSqmR57tA=
github.com/gethugothemes/hugo-modules/components/social-share v0.0.0-20250302032254-95e856a2b3fc/go.mod h1:Gcj4RM/EBECsJMZnPeWjfy/1roRYGqzV9GYNmeHkvFA=
github.com/gethugothemes/hugo-modules/gallery-slider v0.0.0-20250302032254-95e856a2b3fc h1:p9e8SpExLyhcU2cRt1qRkVvjFwbv/7kbIw9VZ3aAo3c=
github.com/gethugothemes/hugo-modules/gallery-slider v0.0.0-20250302032254-95e856a2b3fc/go.mod h1:MvQ2js/ofZ22CTX5wuvE+dC0rMe6C5HAWL2fEOu/yzE=
github.com/gethugothemes/hugo-modules/gzip-caching v0.0.0-20250302032254-95e856a2b3fc h1:dYFcSXTPYlDhmYdo7ltjyjXQwaJ5e7rKcv/IDE5SM7E=
github.com/gethugothemes/hugo-modules/gzip-caching v0.0.0-20250302032254-95e856a2b3fc/go.mod h1:0ZMjTZVG4XLZU2/icc8Saqo4mmgMpfRTrUZU2Aa2Pwg=
github.com/gethugothemes/hugo-modules/icons/font-awesome v0.0.0-20250302032254-95e856a2b3fc h1:DG8bKtCsxR2uZgPWU2xuLQ7rEvuxjYvMMk8/nKN/aSs=
github.com/gethugothemes/hugo-modules/icons/font-awesome v0.0.0-20250302032254-95e856a2b3fc/go.mod h1:d3gy1vQyfasPmGpau7HpQLrXbOv23PfXclSnjyOBxeU=
github.com/gethugothemes/hugo-modules/images v0.0.0-20250302032254-95e856a2b3fc h1:0xauS9kUi+2XJopYqvOglAm7QCjDP8OtDLjd0Wh/gkM=
github.com/gethugothemes/hugo-modules/images v0.0.0-20250302032254-95e856a2b3fc/go.mod h1:FKliP3qOW9diIcQeLtyZ0Hdhg3PL8bdAkC/6O+XtU90=
github.com/gethugothemes/hugo-modules/modal v0.0.0-20250302032254-95e856a2b3fc h1:H90Z2WEysxqKRLdRhLuo/m0PlzTm3wRtpFkJb16xdLM=
github.com/gethugothemes/hugo-modules/modal v0.0.0-20250302032254-95e856a2b3fc/go.mod h1:Eb9v7oV6biymfvjcBhQdvgn0gUGYhUtfCMeOBLFpFsk=
github.com/gethugothemes/hugo-modules/pwa v0.0.0-20250302032254-95e856a2b3fc h1:Up1SggIGkJCzRdkPY1wx4S16Dl4gWlIzsj4/DJpKgWk=
github.com/gethugothemes/hugo-modules/pwa v0.0.0-20250302032254-95e856a2b3fc/go.mod h1:TRv7iszdfo37O1PbBEE+S8X/enAdpRIxK5DGrp13Qbo=
github.com/gethugothemes/hugo-modules/search v0.0.0-20250302032254-95e856a2b3fc h1:3UHgJ5w7FmCE8yarRTDvIs3T5Di3OxMj7Pyt3nULQw0=
github.com/gethugothemes/hugo-modules/search v0.0.0-20250302032254-95e856a2b3fc/go.mod h1:tmDvLaZCM+QDvS/WLZXNjY1QTdWh7/68D2wIToECbyA=
github.com/gethugothemes/hugo-modules/seo-tools/basic-seo v0.0.0-20250302032254-95e856a2b3fc h1:GW7MeS+aGFxcJdunDSUvwA3CMKjDmF/KOrg7uQOp0h0=
github.com/gethugothemes/hugo-modules/seo-tools/basic-seo v0.0.0-20250302032254-95e856a2b3fc/go.mod h1:Q8dPgjamV7pxwKSQyWV21Xwh5CGi23/k+M8HPTphYbs=
github.com/gethugothemes/hugo-modules/seo-tools/google-tag-manager v0.0.0-20250302032254-95e856a2b3fc h1:Aq4WVh0iwlFgCeKtievcmXhK0PQGQBYsxkfIzlxQ9Is=
github.com/gethugothemes/hugo-modules/seo-tools/google-tag-manager v0.0.0-20250302032254-95e856a2b3fc/go.mod h1:cCq50yd55eFTrpqOfeyOK5X0hU5E7qxsqOD7IzTsgLA=
github.com/gethugothemes/hugo-modules/seo-tools/site-verifications v0.0.0-20250302032254-95e856a2b3fc h1:JRe34bT+0QE3xlq4BIdfzhJ4+Z3Yy7zorcDqw+AmSiA=
github.com/gethugothemes/hugo-modules/seo-tools/site-verifications v0.0.0-20250302032254-95e856a2b3fc/go.mod h1:iXielaya126qJscz7Bc2G2WB91moloQOoWru6UoBUyE=
github.com/gethugothemes/hugo-modules/shortcodes/button v0.0.0-20250302032254-95e856a2b3fc h1:Nvu0cVQafVqsuUjwFm0+B72P7aNY/N1NYIIb36vLFsA=
github.com/gethugothemes/hugo-modules/shortcodes/button v0.0.0-20250302032254-95e856a2b3fc/go.mod h1:MSvxGvjvcGUKTs6YMATU/9kYFrzW+VSVdy4CCOQLdsY=
github.com/gethugothemes/hugo-modules/shortcodes/notice v0.0.0-20250302032254-95e856a2b3fc h1:itgX6lOvYL8ZJ/1zgku0oFXIdc+7hbpIKRRddi+tx0Y=
github.com/gethugothemes/hugo-modules/shortcodes/notice v0.0.0-20250302032254-95e856a2b3fc/go.mod h1:ljWyMJx82WA+6SlKjbGFhEdxcriyvUTCjXkJHDa4lho=
github.com/gethugothemes/hugo-modules/tab v0.0.0-20250302032254-95e856a2b3fc h1:VipAxat3zrRf0O+Bbm6iwHzwK57ESZF5U3HUhQQwfp0=
github.com/gethugothemes/hugo-modules/tab v0.0.0-20250302032254-95e856a2b3fc/go.mod h1:h3UxlxrFoU19JldxWLPBKaTZFe3AJtABrqo1wfxr+Ng=
github.com/gethugothemes/hugo-modules/table-of-contents v0.0.0-20250302032254-95e856a2b3fc h1:/pYfUCg5m9D+7MxX8nkpGjKsmzeC0D2CE47xTFJfKzE=
github.com/gethugothemes/hugo-modules/table-of-contents v0.0.0-20250302032254-95e856a2b3fc/go.mod h1:bEDw4veccQQQYEdVrfu13ATRUWfW8ptDIjJZuhYh4Tw=
github.com/gethugothemes/hugo-modules/videos v0.0.0-20250302032254-95e856a2b3fc h1:utXSKyHGiDowGvMiq/xVIayaOjVsX9S3Mv5r1kuo72s=
github.com/gethugothemes/hugo-modules/videos v0.0.0-20250302032254-95e856a2b3fc/go.mod h1:P722lLWdnNhdZVq6gvMrOLqECUwrAYQWaOWlChta5H0=
github.com/hugomods/mermaid v0.1.4 h1:/u0FZRSBMpqTbDh4XPBL7c6p0DUjvIkoo9cC89GASSI=
github.com/hugomods/mermaid v0.1.4/go.mod h1:GOID2Ko1vdrX03ZMaFNQL/vdTU1tZmGcVjOgBN8O42Y=
github.com/zeon-studio/hugoplate v0.0.0-20250224110203-fc34a4a17686 h1:D2ud3LF7qtuxiTPiZWU4Wtam8zujhoiNKs07s02xYok=
github.com/zeon-studio/hugoplate v0.0.0-20250224110203-fc34a4a17686/go.mod h1:YlRIwdTWidquf1dhtx+mDfu0I3KVrVQB4wi4UmHlK3E=
